{
    "version": 3,
    "terraform_version": "0.11.10",
    "serial": 8,
    "lineage": "174be004-0a97-e451-d0d7-08a2f6ec6f09",
    "modules": [
        {
            "path": [
                "root"
            ],
            "outputs": {},
            "resources": {
                "azurerm_availability_set.test": {
                    "type": "azurerm_availability_set",
                    "depends_on": [
                        "azurerm_resource_group.terraform"
                    ],
                    "primary": {
                        "id": "/subscriptions/7f2dcecb-e3cb-4020-a98c-13e65875ea64/resourceGroups/Terraform/providers/Microsoft.Compute/availabilitySets/AV-01",
                        "attributes": {
                            "id": "/subscriptions/7f2dcecb-e3cb-4020-a98c-13e65875ea64/resourceGroups/Terraform/providers/Microsoft.Compute/availabilitySets/AV-01",
                            "location": "ukwest",
                            "managed": "true",
                            "name": "AV-01",
                            "platform_fault_domain_count": "2",
                            "platform_update_domain_count": "5",
                            "resource_group_name": "Terraform",
                            "tags.%": "1",
                            "tags.environment": "Production"
                        },
                        "meta": {},
                        "tainted": false
                    },
                    "deposed": [],
                    "provider": "provider.azurerm"
                },
                "azurerm_network_interface.Nic_Interface.0": {
                    "type": "azurerm_network_interface",
                    "depends_on": [
                        "azurerm_resource_group.terraform",
                        "azurerm_subnet.Subnets"
                    ],
                    "primary": {
                        "id": "/subscriptions/7f2dcecb-e3cb-4020-a98c-13e65875ea64/resourceGroups/Terraform/providers/Microsoft.Network/networkInterfaces/nic-01",
                        "attributes": {
                            "applied_dns_servers.#": "0",
                            "dns_servers.#": "0",
                            "enable_accelerated_networking": "false",
                            "enable_ip_forwarding": "false",
                            "id": "/subscriptions/7f2dcecb-e3cb-4020-a98c-13e65875ea64/resourceGroups/Terraform/providers/Microsoft.Network/networkInterfaces/nic-01",
                            "internal_dns_name_label": "",
                            "internal_fqdn": "",
                            "ip_configuration.#": "1",
                            "ip_configuration.0.application_gateway_backend_address_pools_ids.#": "0",
                            "ip_configuration.0.application_security_group_ids.#": "0",
                            "ip_configuration.0.load_balancer_backend_address_pools_ids.#": "0",
                            "ip_configuration.0.load_balancer_inbound_nat_rules_ids.#": "0",
                            "ip_configuration.0.name": "terraformconfiguration1",
                            "ip_configuration.0.primary": "true",
                            "ip_configuration.0.private_ip_address": "",
                            "ip_configuration.0.private_ip_address_allocation": "dynamic",
                            "ip_configuration.0.public_ip_address_id": "",
                            "ip_configuration.0.subnet_id": "/subscriptions/7f2dcecb-e3cb-4020-a98c-13e65875ea64/resourceGroups/Terraform/providers/Microsoft.Network/virtualNetworks/Production/subnets/acctsub",
                            "location": "ukwest",
                            "mac_address": "",
                            "name": "nic-01",
                            "network_security_group_id": "",
                            "private_ip_address": "10.0.2.6",
                            "private_ip_addresses.#": "1",
                            "private_ip_addresses.0": "10.0.2.6",
                            "resource_group_name": "Terraform",
                            "tags.%": "0"
                        },
                        "meta": {},
                        "tainted": false
                    },
                    "deposed": [],
                    "provider": "provider.azurerm"
                },
                "azurerm_network_interface.Nic_Interface.1": {
                    "type": "azurerm_network_interface",
                    "depends_on": [
                        "azurerm_resource_group.terraform",
                        "azurerm_subnet.Subnets"
                    ],
                    "primary": {
                        "id": "/subscriptions/7f2dcecb-e3cb-4020-a98c-13e65875ea64/resourceGroups/Terraform/providers/Microsoft.Network/networkInterfaces/nic-02",
                        "attributes": {
                            "applied_dns_servers.#": "0",
                            "dns_servers.#": "0",
                            "enable_accelerated_networking": "false",
                            "enable_ip_forwarding": "false",
                            "id": "/subscriptions/7f2dcecb-e3cb-4020-a98c-13e65875ea64/resourceGroups/Terraform/providers/Microsoft.Network/networkInterfaces/nic-02",
                            "internal_dns_name_label": "",
                            "internal_fqdn": "",
                            "ip_configuration.#": "1",
                            "ip_configuration.0.application_gateway_backend_address_pools_ids.#": "0",
                            "ip_configuration.0.application_security_group_ids.#": "0",
                            "ip_configuration.0.load_balancer_backend_address_pools_ids.#": "0",
                            "ip_configuration.0.load_balancer_inbound_nat_rules_ids.#": "0",
                            "ip_configuration.0.name": "terraformconfiguration1",
                            "ip_configuration.0.primary": "true",
                            "ip_configuration.0.private_ip_address": "",
                            "ip_configuration.0.private_ip_address_allocation": "dynamic",
                            "ip_configuration.0.public_ip_address_id": "",
                            "ip_configuration.0.subnet_id": "/subscriptions/7f2dcecb-e3cb-4020-a98c-13e65875ea64/resourceGroups/Terraform/providers/Microsoft.Network/virtualNetworks/Production/subnets/acctsub",
                            "location": "ukwest",
                            "mac_address": "",
                            "name": "nic-02",
                            "network_security_group_id": "",
                            "private_ip_address": "10.0.2.4",
                            "private_ip_addresses.#": "1",
                            "private_ip_addresses.0": "10.0.2.4",
                            "resource_group_name": "Terraform",
                            "tags.%": "0"
                        },
                        "meta": {},
                        "tainted": false
                    },
                    "deposed": [],
                    "provider": "provider.azurerm"
                },
                "azurerm_network_interface.Nic_Interface.2": {
                    "type": "azurerm_network_interface",
                    "depends_on": [
                        "azurerm_resource_group.terraform",
                        "azurerm_subnet.Subnets"
                    ],
                    "primary": {
                        "id": "/subscriptions/7f2dcecb-e3cb-4020-a98c-13e65875ea64/resourceGroups/Terraform/providers/Microsoft.Network/networkInterfaces/nic-03",
                        "attributes": {
                            "applied_dns_servers.#": "0",
                            "dns_servers.#": "0",
                            "enable_accelerated_networking": "false",
                            "enable_ip_forwarding": "false",
                            "id": "/subscriptions/7f2dcecb-e3cb-4020-a98c-13e65875ea64/resourceGroups/Terraform/providers/Microsoft.Network/networkInterfaces/nic-03",
                            "internal_dns_name_label": "",
                            "internal_fqdn": "",
                            "ip_configuration.#": "1",
                            "ip_configuration.0.application_gateway_backend_address_pools_ids.#": "0",
                            "ip_configuration.0.application_security_group_ids.#": "0",
                            "ip_configuration.0.load_balancer_backend_address_pools_ids.#": "0",
                            "ip_configuration.0.load_balancer_inbound_nat_rules_ids.#": "0",
                            "ip_configuration.0.name": "terraformconfiguration1",
                            "ip_configuration.0.primary": "true",
                            "ip_configuration.0.private_ip_address": "",
                            "ip_configuration.0.private_ip_address_allocation": "dynamic",
                            "ip_configuration.0.public_ip_address_id": "",
                            "ip_configuration.0.subnet_id": "/subscriptions/7f2dcecb-e3cb-4020-a98c-13e65875ea64/resourceGroups/Terraform/providers/Microsoft.Network/virtualNetworks/Production/subnets/acctsub",
                            "location": "ukwest",
                            "mac_address": "",
                            "name": "nic-03",
                            "network_security_group_id": "",
                            "private_ip_address": "10.0.2.5",
                            "private_ip_addresses.#": "1",
                            "private_ip_addresses.0": "10.0.2.5",
                            "resource_group_name": "Terraform",
                            "tags.%": "0"
                        },
                        "meta": {},
                        "tainted": false
                    },
                    "deposed": [],
                    "provider": "provider.azurerm"
                },
                "azurerm_network_interface.Nic_Interface.3": {
                    "type": "azurerm_network_interface",
                    "depends_on": [
                        "azurerm_resource_group.terraform",
                        "azurerm_subnet.Subnets"
                    ],
                    "primary": {
                        "id": "/subscriptions/7f2dcecb-e3cb-4020-a98c-13e65875ea64/resourceGroups/Terraform/providers/Microsoft.Network/networkInterfaces/nic-04",
                        "attributes": {
                            "applied_dns_servers.#": "0",
                            "dns_servers.#": "0",
                            "enable_accelerated_networking": "false",
                            "enable_ip_forwarding": "false",
                            "id": "/subscriptions/7f2dcecb-e3cb-4020-a98c-13e65875ea64/resourceGroups/Terraform/providers/Microsoft.Network/networkInterfaces/nic-04",
                            "internal_dns_name_label": "",
                            "internal_fqdn": "",
                            "ip_configuration.#": "1",
                            "ip_configuration.0.application_gateway_backend_address_pools_ids.#": "0",
                            "ip_configuration.0.application_security_group_ids.#": "0",
                            "ip_configuration.0.load_balancer_backend_address_pools_ids.#": "0",
                            "ip_configuration.0.load_balancer_inbound_nat_rules_ids.#": "0",
                            "ip_configuration.0.name": "terraformconfiguration1",
                            "ip_configuration.0.primary": "true",
                            "ip_configuration.0.private_ip_address": "",
                            "ip_configuration.0.private_ip_address_allocation": "dynamic",
                            "ip_configuration.0.public_ip_address_id": "",
                            "ip_configuration.0.subnet_id": "/subscriptions/7f2dcecb-e3cb-4020-a98c-13e65875ea64/resourceGroups/Terraform/providers/Microsoft.Network/virtualNetworks/Production/subnets/acctsub",
                            "location": "ukwest",
                            "mac_address": "",
                            "name": "nic-04",
                            "network_security_group_id": "",
                            "private_ip_address": "10.0.2.8",
                            "private_ip_addresses.#": "1",
                            "private_ip_addresses.0": "10.0.2.8",
                            "resource_group_name": "Terraform",
                            "tags.%": "0"
                        },
                        "meta": {},
                        "tainted": false
                    },
                    "deposed": [],
                    "provider": "provider.azurerm"
                },
                "azurerm_network_interface.Nic_Interface.4": {
                    "type": "azurerm_network_interface",
                    "depends_on": [
                        "azurerm_resource_group.terraform",
                        "azurerm_subnet.Subnets"
                    ],
                    "primary": {
                        "id": "/subscriptions/7f2dcecb-e3cb-4020-a98c-13e65875ea64/resourceGroups/Terraform/providers/Microsoft.Network/networkInterfaces/nic-05",
                        "attributes": {
                            "applied_dns_servers.#": "0",
                            "dns_servers.#": "0",
                            "enable_accelerated_networking": "false",
                            "enable_ip_forwarding": "false",
                            "id": "/subscriptions/7f2dcecb-e3cb-4020-a98c-13e65875ea64/resourceGroups/Terraform/providers/Microsoft.Network/networkInterfaces/nic-05",
                            "internal_dns_name_label": "",
                            "internal_fqdn": "",
                            "ip_configuration.#": "1",
                            "ip_configuration.0.application_gateway_backend_address_pools_ids.#": "0",
                            "ip_configuration.0.application_security_group_ids.#": "0",
                            "ip_configuration.0.load_balancer_backend_address_pools_ids.#": "0",
                            "ip_configuration.0.load_balancer_inbound_nat_rules_ids.#": "0",
                            "ip_configuration.0.name": "terraformconfiguration1",
                            "ip_configuration.0.primary": "true",
                            "ip_configuration.0.private_ip_address": "",
                            "ip_configuration.0.private_ip_address_allocation": "dynamic",
                            "ip_configuration.0.public_ip_address_id": "",
                            "ip_configuration.0.subnet_id": "/subscriptions/7f2dcecb-e3cb-4020-a98c-13e65875ea64/resourceGroups/Terraform/providers/Microsoft.Network/virtualNetworks/Production/subnets/acctsub",
                            "location": "ukwest",
                            "mac_address": "",
                            "name": "nic-05",
                            "network_security_group_id": "",
                            "private_ip_address": "10.0.2.7",
                            "private_ip_addresses.#": "1",
                            "private_ip_addresses.0": "10.0.2.7",
                            "resource_group_name": "Terraform",
                            "tags.%": "0"
                        },
                        "meta": {},
                        "tainted": false
                    },
                    "deposed": [],
                    "provider": "provider.azurerm"
                },
                "azurerm_resource_group.terraform": {
                    "type": "azurerm_resource_group",
                    "depends_on": [],
                    "primary": {
                        "id": "/subscriptions/7f2dcecb-e3cb-4020-a98c-13e65875ea64/resourceGroups/Terraform",
                        "attributes": {
                            "id": "/subscriptions/7f2dcecb-e3cb-4020-a98c-13e65875ea64/resourceGroups/Terraform",
                            "location": "ukwest",
                            "name": "Terraform",
                            "tags.%": "1",
                            "tags.environment": "Production"
                        },
                        "meta": {},
                        "tainted": false
                    },
                    "deposed": [],
                    "provider": "provider.azurerm"
                },
                "azurerm_subnet.Subnets": {
                    "type": "azurerm_subnet",
                    "depends_on": [
                        "azurerm_resource_group.terraform",
                        "azurerm_virtual_network.VirtualNetwork"
                    ],
                    "primary": {
                        "id": "/subscriptions/7f2dcecb-e3cb-4020-a98c-13e65875ea64/resourceGroups/Terraform/providers/Microsoft.Network/virtualNetworks/Production/subnets/acctsub",
                        "attributes": {
                            "address_prefix": "10.0.2.0/24",
                            "id": "/subscriptions/7f2dcecb-e3cb-4020-a98c-13e65875ea64/resourceGroups/Terraform/providers/Microsoft.Network/virtualNetworks/Production/subnets/acctsub",
                            "ip_configurations.#": "0",
                            "name": "acctsub",
                            "resource_group_name": "Terraform",
                            "route_table_id": "",
                            "service_endpoints.#": "0",
                            "virtual_network_name": "Production"
                        },
                        "meta": {},
                        "tainted": false
                    },
                    "deposed": [],
                    "provider": "provider.azurerm"
                },
                "azurerm_virtual_machine.terraform.0": {
                    "type": "azurerm_virtual_machine",
                    "depends_on": [
                        "azurerm_availability_set.test",
                        "azurerm_network_interface.Nic_Interface.*",
                        "azurerm_resource_group.terraform"
                    ],
                    "primary": {
                        "id": "/subscriptions/7f2dcecb-e3cb-4020-a98c-13e65875ea64/resourceGroups/Terraform/providers/Microsoft.Compute/virtualMachines/DC01",
                        "attributes": {
                            "availability_set_id": "/subscriptions/7f2dcecb-e3cb-4020-a98c-13e65875ea64/resourcegroups/terraform/providers/microsoft.compute/availabilitysets/av-01",
                            "delete_data_disks_on_termination": "false",
                            "delete_os_disk_on_termination": "true",
                            "id": "/subscriptions/7f2dcecb-e3cb-4020-a98c-13e65875ea64/resourceGroups/Terraform/providers/Microsoft.Compute/virtualMachines/DC01",
                            "identity.#": "0",
                            "location": "ukwest",
                            "name": "DC01",
                            "network_interface_ids.#": "1",
                            "network_interface_ids.0": "/subscriptions/7f2dcecb-e3cb-4020-a98c-13e65875ea64/resourceGroups/Terraform/providers/Microsoft.Network/networkInterfaces/nic-01",
                            "os_profile.#": "1",
                            "os_profile.1067818366.admin_password": "",
                            "os_profile.1067818366.admin_username": "DaisyAdmin",
                            "os_profile.1067818366.computer_name": "DC01",
                            "os_profile.1067818366.custom_data": "",
                            "os_profile_secrets.#": "0",
                            "os_profile_windows_config.#": "1",
                            "os_profile_windows_config.80598305.additional_unattend_config.#": "0",
                            "os_profile_windows_config.80598305.enable_automatic_upgrades": "false",
                            "os_profile_windows_config.80598305.provision_vm_agent": "false",
                            "os_profile_windows_config.80598305.timezone": "",
                            "os_profile_windows_config.80598305.winrm.#": "0",
                            "resource_group_name": "Terraform",
                            "storage_data_disk.#": "0",
                            "storage_image_reference.#": "1",
                            "storage_image_reference.3904372903.id": "",
                            "storage_image_reference.3904372903.offer": "WindowsServer",
                            "storage_image_reference.3904372903.publisher": "MicrosoftWindowsServer",
                            "storage_image_reference.3904372903.sku": "2016-Datacenter",
                            "storage_image_reference.3904372903.version": "latest",
                            "storage_os_disk.#": "1",
                            "storage_os_disk.0.caching": "ReadWrite",
                            "storage_os_disk.0.create_option": "FromImage",
                            "storage_os_disk.0.disk_size_gb": "127",
                            "storage_os_disk.0.image_uri": "",
                            "storage_os_disk.0.managed_disk_id": "/subscriptions/7f2dcecb-e3cb-4020-a98c-13e65875ea64/resourceGroups/Terraform/providers/Microsoft.Compute/disks/osdisk-01",
                            "storage_os_disk.0.managed_disk_type": "Premium_LRS",
                            "storage_os_disk.0.name": "osdisk-01",
                            "storage_os_disk.0.os_type": "Windows",
                            "storage_os_disk.0.vhd_uri": "",
                            "storage_os_disk.0.write_accelerator_enabled": "false",
                            "tags.%": "0",
                            "vm_size": "Standard_B1s",
                            "zones.#": "0"
                        },
                        "meta": {},
                        "tainted": false
                    },
                    "deposed": [],
                    "provider": "provider.azurerm"
                },
                "azurerm_virtual_machine.terraform.1": {
                    "type": "azurerm_virtual_machine",
                    "depends_on": [
                        "azurerm_availability_set.test",
                        "azurerm_network_interface.Nic_Interface.*",
                        "azurerm_resource_group.terraform"
                    ],
                    "primary": {
                        "id": "/subscriptions/7f2dcecb-e3cb-4020-a98c-13e65875ea64/resourceGroups/Terraform/providers/Microsoft.Compute/virtualMachines/DC02",
                        "attributes": {
                            "availability_set_id": "/subscriptions/7f2dcecb-e3cb-4020-a98c-13e65875ea64/resourcegroups/terraform/providers/microsoft.compute/availabilitysets/av-01",
                            "delete_data_disks_on_termination": "false",
                            "delete_os_disk_on_termination": "true",
                            "id": "/subscriptions/7f2dcecb-e3cb-4020-a98c-13e65875ea64/resourceGroups/Terraform/providers/Microsoft.Compute/virtualMachines/DC02",
                            "identity.#": "0",
                            "location": "ukwest",
                            "name": "DC02",
                            "network_interface_ids.#": "1",
                            "network_interface_ids.0": "/subscriptions/7f2dcecb-e3cb-4020-a98c-13e65875ea64/resourceGroups/Terraform/providers/Microsoft.Network/networkInterfaces/nic-02",
                            "os_profile.#": "1",
                            "os_profile.1067818366.admin_password": "",
                            "os_profile.1067818366.admin_username": "DaisyAdmin",
                            "os_profile.1067818366.computer_name": "DC01",
                            "os_profile.1067818366.custom_data": "",
                            "os_profile_secrets.#": "0",
                            "os_profile_windows_config.#": "1",
                            "os_profile_windows_config.80598305.additional_unattend_config.#": "0",
                            "os_profile_windows_config.80598305.enable_automatic_upgrades": "false",
                            "os_profile_windows_config.80598305.provision_vm_agent": "false",
                            "os_profile_windows_config.80598305.timezone": "",
                            "os_profile_windows_config.80598305.winrm.#": "0",
                            "resource_group_name": "Terraform",
                            "storage_data_disk.#": "0",
                            "storage_image_reference.#": "1",
                            "storage_image_reference.3904372903.id": "",
                            "storage_image_reference.3904372903.offer": "WindowsServer",
                            "storage_image_reference.3904372903.publisher": "MicrosoftWindowsServer",
                            "storage_image_reference.3904372903.sku": "2016-Datacenter",
                            "storage_image_reference.3904372903.version": "latest",
                            "storage_os_disk.#": "1",
                            "storage_os_disk.0.caching": "ReadWrite",
                            "storage_os_disk.0.create_option": "FromImage",
                            "storage_os_disk.0.disk_size_gb": "127",
                            "storage_os_disk.0.image_uri": "",
                            "storage_os_disk.0.managed_disk_id": "/subscriptions/7f2dcecb-e3cb-4020-a98c-13e65875ea64/resourceGroups/Terraform/providers/Microsoft.Compute/disks/osdisk-02",
                            "storage_os_disk.0.managed_disk_type": "Premium_LRS",
                            "storage_os_disk.0.name": "osdisk-02",
                            "storage_os_disk.0.os_type": "Windows",
                            "storage_os_disk.0.vhd_uri": "",
                            "storage_os_disk.0.write_accelerator_enabled": "false",
                            "tags.%": "0",
                            "vm_size": "Standard_B1s",
                            "zones.#": "0"
                        },
                        "meta": {},
                        "tainted": false
                    },
                    "deposed": [],
                    "provider": "provider.azurerm"
                },
                "azurerm_virtual_machine.terraform.2": {
                    "type": "azurerm_virtual_machine",
                    "depends_on": [
                        "azurerm_availability_set.test",
                        "azurerm_network_interface.Nic_Interface.*",
                        "azurerm_resource_group.terraform"
                    ],
                    "primary": {
                        "id": "/subscriptions/7f2dcecb-e3cb-4020-a98c-13e65875ea64/resourceGroups/Terraform/providers/Microsoft.Compute/virtualMachines/DC03",
                        "attributes": {
                            "availability_set_id": "/subscriptions/7f2dcecb-e3cb-4020-a98c-13e65875ea64/resourcegroups/terraform/providers/microsoft.compute/availabilitysets/av-01",
                            "delete_data_disks_on_termination": "false",
                            "delete_os_disk_on_termination": "true",
                            "id": "/subscriptions/7f2dcecb-e3cb-4020-a98c-13e65875ea64/resourceGroups/Terraform/providers/Microsoft.Compute/virtualMachines/DC03",
                            "identity.#": "0",
                            "location": "ukwest",
                            "name": "DC03",
                            "network_interface_ids.#": "1",
                            "network_interface_ids.0": "/subscriptions/7f2dcecb-e3cb-4020-a98c-13e65875ea64/resourceGroups/Terraform/providers/Microsoft.Network/networkInterfaces/nic-03",
                            "os_profile.#": "1",
                            "os_profile.1067818366.admin_password": "",
                            "os_profile.1067818366.admin_username": "DaisyAdmin",
                            "os_profile.1067818366.computer_name": "DC01",
                            "os_profile.1067818366.custom_data": "",
                            "os_profile_secrets.#": "0",
                            "os_profile_windows_config.#": "1",
                            "os_profile_windows_config.80598305.additional_unattend_config.#": "0",
                            "os_profile_windows_config.80598305.enable_automatic_upgrades": "false",
                            "os_profile_windows_config.80598305.provision_vm_agent": "false",
                            "os_profile_windows_config.80598305.timezone": "",
                            "os_profile_windows_config.80598305.winrm.#": "0",
                            "resource_group_name": "Terraform",
                            "storage_data_disk.#": "0",
                            "storage_image_reference.#": "1",
                            "storage_image_reference.3904372903.id": "",
                            "storage_image_reference.3904372903.offer": "WindowsServer",
                            "storage_image_reference.3904372903.publisher": "MicrosoftWindowsServer",
                            "storage_image_reference.3904372903.sku": "2016-Datacenter",
                            "storage_image_reference.3904372903.version": "latest",
                            "storage_os_disk.#": "1",
                            "storage_os_disk.0.caching": "ReadWrite",
                            "storage_os_disk.0.create_option": "FromImage",
                            "storage_os_disk.0.disk_size_gb": "127",
                            "storage_os_disk.0.image_uri": "",
                            "storage_os_disk.0.managed_disk_id": "/subscriptions/7f2dcecb-e3cb-4020-a98c-13e65875ea64/resourceGroups/Terraform/providers/Microsoft.Compute/disks/osdisk-03",
                            "storage_os_disk.0.managed_disk_type": "Premium_LRS",
                            "storage_os_disk.0.name": "osdisk-03",
                            "storage_os_disk.0.os_type": "Windows",
                            "storage_os_disk.0.vhd_uri": "",
                            "storage_os_disk.0.write_accelerator_enabled": "false",
                            "tags.%": "0",
                            "vm_size": "Standard_B1s",
                            "zones.#": "0"
                        },
                        "meta": {},
                        "tainted": false
                    },
                    "deposed": [],
                    "provider": "provider.azurerm"
                },
                "azurerm_virtual_machine.terraform.3": {
                    "type": "azurerm_virtual_machine",
                    "depends_on": [
                        "azurerm_availability_set.test",
                        "azurerm_network_interface.Nic_Interface.*",
                        "azurerm_resource_group.terraform"
                    ],
                    "primary": {
                        "id": "/subscriptions/7f2dcecb-e3cb-4020-a98c-13e65875ea64/resourceGroups/Terraform/providers/Microsoft.Compute/virtualMachines/DC04",
                        "attributes": {
                            "availability_set_id": "/subscriptions/7f2dcecb-e3cb-4020-a98c-13e65875ea64/resourcegroups/terraform/providers/microsoft.compute/availabilitysets/av-01",
                            "delete_data_disks_on_termination": "false",
                            "delete_os_disk_on_termination": "true",
                            "id": "/subscriptions/7f2dcecb-e3cb-4020-a98c-13e65875ea64/resourceGroups/Terraform/providers/Microsoft.Compute/virtualMachines/DC04",
                            "identity.#": "0",
                            "location": "ukwest",
                            "name": "DC04",
                            "network_interface_ids.#": "1",
                            "network_interface_ids.0": "/subscriptions/7f2dcecb-e3cb-4020-a98c-13e65875ea64/resourceGroups/Terraform/providers/Microsoft.Network/networkInterfaces/nic-04",
                            "os_profile.#": "1",
                            "os_profile.1067818366.admin_password": "",
                            "os_profile.1067818366.admin_username": "DaisyAdmin",
                            "os_profile.1067818366.computer_name": "DC01",
                            "os_profile.1067818366.custom_data": "",
                            "os_profile_secrets.#": "0",
                            "os_profile_windows_config.#": "1",
                            "os_profile_windows_config.80598305.additional_unattend_config.#": "0",
                            "os_profile_windows_config.80598305.enable_automatic_upgrades": "false",
                            "os_profile_windows_config.80598305.provision_vm_agent": "false",
                            "os_profile_windows_config.80598305.timezone": "",
                            "os_profile_windows_config.80598305.winrm.#": "0",
                            "resource_group_name": "Terraform",
                            "storage_data_disk.#": "0",
                            "storage_image_reference.#": "1",
                            "storage_image_reference.3904372903.id": "",
                            "storage_image_reference.3904372903.offer": "WindowsServer",
                            "storage_image_reference.3904372903.publisher": "MicrosoftWindowsServer",
                            "storage_image_reference.3904372903.sku": "2016-Datacenter",
                            "storage_image_reference.3904372903.version": "latest",
                            "storage_os_disk.#": "1",
                            "storage_os_disk.0.caching": "ReadWrite",
                            "storage_os_disk.0.create_option": "FromImage",
                            "storage_os_disk.0.disk_size_gb": "127",
                            "storage_os_disk.0.image_uri": "",
                            "storage_os_disk.0.managed_disk_id": "/subscriptions/7f2dcecb-e3cb-4020-a98c-13e65875ea64/resourceGroups/Terraform/providers/Microsoft.Compute/disks/osdisk-04",
                            "storage_os_disk.0.managed_disk_type": "Premium_LRS",
                            "storage_os_disk.0.name": "osdisk-04",
                            "storage_os_disk.0.os_type": "Windows",
                            "storage_os_disk.0.vhd_uri": "",
                            "storage_os_disk.0.write_accelerator_enabled": "false",
                            "tags.%": "0",
                            "vm_size": "Standard_B1s",
                            "zones.#": "0"
                        },
                        "meta": {},
                        "tainted": false
                    },
                    "deposed": [],
                    "provider": "provider.azurerm"
                },
                "azurerm_virtual_machine.terraform.4": {
                    "type": "azurerm_virtual_machine",
                    "depends_on": [
                        "azurerm_availability_set.test",
                        "azurerm_network_interface.Nic_Interface.*",
                        "azurerm_resource_group.terraform"
                    ],
                    "primary": {
                        "id": "/subscriptions/7f2dcecb-e3cb-4020-a98c-13e65875ea64/resourceGroups/Terraform/providers/Microsoft.Compute/virtualMachines/DC05",
                        "attributes": {
                            "availability_set_id": "/subscriptions/7f2dcecb-e3cb-4020-a98c-13e65875ea64/resourcegroups/terraform/providers/microsoft.compute/availabilitysets/av-01",
                            "delete_data_disks_on_termination": "false",
                            "delete_os_disk_on_termination": "true",
                            "id": "/subscriptions/7f2dcecb-e3cb-4020-a98c-13e65875ea64/resourceGroups/Terraform/providers/Microsoft.Compute/virtualMachines/DC05",
                            "identity.#": "0",
                            "location": "ukwest",
                            "name": "DC05",
                            "network_interface_ids.#": "1",
                            "network_interface_ids.0": "/subscriptions/7f2dcecb-e3cb-4020-a98c-13e65875ea64/resourceGroups/Terraform/providers/Microsoft.Network/networkInterfaces/nic-05",
                            "os_profile.#": "1",
                            "os_profile.1067818366.admin_password": "",
                            "os_profile.1067818366.admin_username": "DaisyAdmin",
                            "os_profile.1067818366.computer_name": "DC01",
                            "os_profile.1067818366.custom_data": "",
                            "os_profile_secrets.#": "0",
                            "os_profile_windows_config.#": "1",
                            "os_profile_windows_config.80598305.additional_unattend_config.#": "0",
                            "os_profile_windows_config.80598305.enable_automatic_upgrades": "false",
                            "os_profile_windows_config.80598305.provision_vm_agent": "false",
                            "os_profile_windows_config.80598305.timezone": "",
                            "os_profile_windows_config.80598305.winrm.#": "0",
                            "resource_group_name": "Terraform",
                            "storage_data_disk.#": "0",
                            "storage_image_reference.#": "1",
                            "storage_image_reference.3904372903.id": "",
                            "storage_image_reference.3904372903.offer": "WindowsServer",
                            "storage_image_reference.3904372903.publisher": "MicrosoftWindowsServer",
                            "storage_image_reference.3904372903.sku": "2016-Datacenter",
                            "storage_image_reference.3904372903.version": "latest",
                            "storage_os_disk.#": "1",
                            "storage_os_disk.0.caching": "ReadWrite",
                            "storage_os_disk.0.create_option": "FromImage",
                            "storage_os_disk.0.disk_size_gb": "127",
                            "storage_os_disk.0.image_uri": "",
                            "storage_os_disk.0.managed_disk_id": "/subscriptions/7f2dcecb-e3cb-4020-a98c-13e65875ea64/resourceGroups/Terraform/providers/Microsoft.Compute/disks/osdisk-05",
                            "storage_os_disk.0.managed_disk_type": "Premium_LRS",
                            "storage_os_disk.0.name": "osdisk-05",
                            "storage_os_disk.0.os_type": "Windows",
                            "storage_os_disk.0.vhd_uri": "",
                            "storage_os_disk.0.write_accelerator_enabled": "false",
                            "tags.%": "0",
                            "vm_size": "Standard_B1s",
                            "zones.#": "0"
                        },
                        "meta": {},
                        "tainted": false
                    },
                    "deposed": [],
                    "provider": "provider.azurerm"
                },
                "azurerm_virtual_network.VirtualNetwork": {
                    "type": "azurerm_virtual_network",
                    "depends_on": [
                        "azurerm_resource_group.terraform"
                    ],
                    "primary": {
                        "id": "/subscriptions/7f2dcecb-e3cb-4020-a98c-13e65875ea64/resourceGroups/Terraform/providers/Microsoft.Network/virtualNetworks/Production",
                        "attributes": {
                            "address_space.#": "1",
                            "address_space.0": "10.0.0.0/16",
                            "dns_servers.#": "0",
                            "id": "/subscriptions/7f2dcecb-e3cb-4020-a98c-13e65875ea64/resourceGroups/Terraform/providers/Microsoft.Network/virtualNetworks/Production",
                            "location": "ukwest",
                            "name": "Production",
                            "resource_group_name": "Terraform",
                            "subnet.#": "0",
                            "tags.%": "0"
                        },
                        "meta": {},
                        "tainted": false
                    },
                    "deposed": [],
                    "provider": "provider.azurerm"
                }
            },
            "depends_on": []
        }
    ]
}
